// !$*UTF8*$!
{
	archiveVersion = 1;
	classes = {
	};
	objectVersion = 46;
	objects = {

/* Begin PBXBuildFile section */
		65409FC11B4C842700344D75 /* AppDelegate.swift in Sources */ = {isa = PBXBuildFile; fileRef = 65409FC01B4C842700344D75 /* AppDelegate.swift */; };
		65409FC81B4C842700344D75 /* Images.xcassets in Resources */ = {isa = PBXBuildFile; fileRef = 65409FC71B4C842700344D75 /* Images.xcassets */; };
		65409FD71B4C842700344D75 /* ureportTests.swift in Sources */ = {isa = PBXBuildFile; fileRef = 65409FD61B4C842700344D75 /* ureportTests.swift */; };
		65409FEE1B4C84DE00344D75 /* URLoginViewController.swift in Sources */ = {isa = PBXBuildFile; fileRef = 65409FEC1B4C84DE00344D75 /* URLoginViewController.swift */; };
		65409FEF1B4C84DE00344D75 /* URLoginViewController.xib in Resources */ = {isa = PBXBuildFile; fileRef = 65409FED1B4C84DE00344D75 /* URLoginViewController.xib */; };
		65409FF11B4C977600344D75 /* Foundation.framework in Frameworks */ = {isa = PBXBuildFile; fileRef = 65409FF01B4C977600344D75 /* Foundation.framework */; };
		65409FF51B4C9E7C00344D75 /* URUserRegisterViewController.swift in Sources */ = {isa = PBXBuildFile; fileRef = 65409FF31B4C9E7C00344D75 /* URUserRegisterViewController.swift */; };
		65409FF61B4C9E7C00344D75 /* URUserRegisterViewController.xib in Resources */ = {isa = PBXBuildFile; fileRef = 65409FF41B4C9E7C00344D75 /* URUserRegisterViewController.xib */; };
		655690711B7CFA0B00525E00 /* URConstant.swift in Sources */ = {isa = PBXBuildFile; fileRef = 655690701B7CFA0B00525E00 /* URConstant.swift */; };
		655690761B7CFF5100525E00 /* ISImageUtil.swift in Sources */ = {isa = PBXBuildFile; fileRef = 655690721B7CFF5100525E00 /* ISImageUtil.swift */; };
		655690771B7CFF5100525E00 /* ISShareUtil.swift in Sources */ = {isa = PBXBuildFile; fileRef = 655690731B7CFF5100525E00 /* ISShareUtil.swift */; };
		655690781B7CFF5100525E00 /* ISViewExtension.swift in Sources */ = {isa = PBXBuildFile; fileRef = 655690741B7CFF5100525E00 /* ISViewExtension.swift */; };
		655690791B7CFF5100525E00 /* UIColorExtension.swift in Sources */ = {isa = PBXBuildFile; fileRef = 655690751B7CFF5100525E00 /* UIColorExtension.swift */; };
		6556907B1B7D082400525E00 /* URCountry.swift in Sources */ = {isa = PBXBuildFile; fileRef = 6556907A1B7D082400525E00 /* URCountry.swift */; };
		6556907D1B7D083500525E00 /* URCountryProgram.swift in Sources */ = {isa = PBXBuildFile; fileRef = 6556907C1B7D083500525E00 /* URCountryProgram.swift */; };
		6556907F1B7D0A5200525E00 /* URUser.swift in Sources */ = {isa = PBXBuildFile; fileRef = 6556907E1B7D0A5200525E00 /* URUser.swift */; };
		655690811B7D0AF200525E00 /* URGender.swift in Sources */ = {isa = PBXBuildFile; fileRef = 655690801B7D0AF200525E00 /* URGender.swift */; };
		655690831B7D0EA200525E00 /* URType.swift in Sources */ = {isa = PBXBuildFile; fileRef = 655690821B7D0EA200525E00 /* URType.swift */; };
		655690851B7D0F6700525E00 /* URPoll.swift in Sources */ = {isa = PBXBuildFile; fileRef = 655690841B7D0F6700525E00 /* URPoll.swift */; };
		655690871B7D101500525E00 /* URPollCategory.swift in Sources */ = {isa = PBXBuildFile; fileRef = 655690861B7D101500525E00 /* URPollCategory.swift */; };
		655690891B7D11E700525E00 /* URPollQuestion.swift in Sources */ = {isa = PBXBuildFile; fileRef = 655690881B7D11E700525E00 /* URPollQuestion.swift */; };
		6556908B1B7D123E00525E00 /* URPollResult.swift in Sources */ = {isa = PBXBuildFile; fileRef = 6556908A1B7D123E00525E00 /* URPollResult.swift */; };
		6556908D1B7D12BB00525E00 /* URWordsResult.swift in Sources */ = {isa = PBXBuildFile; fileRef = 6556908C1B7D12BB00525E00 /* URWordsResult.swift */; };
		6556908F1B7D135C00525E00 /* URNotification.swift in Sources */ = {isa = PBXBuildFile; fileRef = 6556908E1B7D135C00525E00 /* URNotification.swift */; };
		655690911B7D138400525E00 /* URNews.swift in Sources */ = {isa = PBXBuildFile; fileRef = 655690901B7D138400525E00 /* URNews.swift */; };
		655690931B7D13F000525E00 /* URMultipleResult.swift in Sources */ = {isa = PBXBuildFile; fileRef = 655690921B7D13F000525E00 /* URMultipleResult.swift */; };
		655690951B7D142900525E00 /* UROpenQuestion.swift in Sources */ = {isa = PBXBuildFile; fileRef = 655690941B7D142900525E00 /* UROpenQuestion.swift */; };
		655690971B7D144C00525E00 /* URMultipleChoiceQuestion.swift in Sources */ = {isa = PBXBuildFile; fileRef = 655690961B7D144C00525E00 /* URMultipleChoiceQuestion.swift */; };
		655690991B7D147900525E00 /* URMarker.swift in Sources */ = {isa = PBXBuildFile; fileRef = 655690981B7D147900525E00 /* URMarker.swift */; };
		6556909B1B7D14A100525E00 /* URIndividualChatRoom.swift in Sources */ = {isa = PBXBuildFile; fileRef = 6556909A1B7D14A100525E00 /* URIndividualChatRoom.swift */; };
		6556909D1B7D14BA00525E00 /* URGroupChatRoom.swift in Sources */ = {isa = PBXBuildFile; fileRef = 6556909C1B7D14BA00525E00 /* URGroupChatRoom.swift */; };
		6556909F1B7D14C900525E00 /* URChatGroup.swift in Sources */ = {isa = PBXBuildFile; fileRef = 6556909E1B7D14C900525E00 /* URChatGroup.swift */; };
		655690A11B7D150D00525E00 /* URChatRoom.swift in Sources */ = {isa = PBXBuildFile; fileRef = 655690A01B7D150D00525E00 /* URChatRoom.swift */; };
		655690A31B7D157600525E00 /* URContribution.swift in Sources */ = {isa = PBXBuildFile; fileRef = 655690A21B7D157600525E00 /* URContribution.swift */; };
		655690A51B7D159C00525E00 /* URContact.swift in Sources */ = {isa = PBXBuildFile; fileRef = 655690A41B7D159C00525E00 /* URContact.swift */; };
		655690A71B7D15BA00525E00 /* URChatMessage.swift in Sources */ = {isa = PBXBuildFile; fileRef = 655690A61B7D15BA00525E00 /* URChatMessage.swift */; };
		655690AB1B7D170100525E00 /* ISRoundedButton.swift in Sources */ = {isa = PBXBuildFile; fileRef = 655690AA1B7D170100525E00 /* ISRoundedButton.swift */; };
		6556916B1B7D398900525E00 /* URMainViewController.swift in Sources */ = {isa = PBXBuildFile; fileRef = 6556916A1B7D398900525E00 /* URMainViewController.swift */; };
		6556916F1B7D3DA800525E00 /* URPollTextTableViewCell.swift in Sources */ = {isa = PBXBuildFile; fileRef = 6556916D1B7D3DA800525E00 /* URPollTextTableViewCell.swift */; };
		655691701B7D3DA800525E00 /* URPollTextTableViewCell.xib in Resources */ = {isa = PBXBuildFile; fileRef = 6556916E1B7D3DA800525E00 /* URPollTextTableViewCell.xib */; };
		655691731B7D3DC500525E00 /* URPollChoiceTableViewCell.swift in Sources */ = {isa = PBXBuildFile; fileRef = 655691711B7D3DC500525E00 /* URPollChoiceTableViewCell.swift */; };
		655691741B7D3DC500525E00 /* URPollChoiceTableViewCell.xib in Resources */ = {isa = PBXBuildFile; fileRef = 655691721B7D3DC500525E00 /* URPollChoiceTableViewCell.xib */; };
		655691771B7D3DD700525E00 /* URPollMultipleChoiceTableViewCell.swift in Sources */ = {isa = PBXBuildFile; fileRef = 655691751B7D3DD700525E00 /* URPollMultipleChoiceTableViewCell.swift */; };
		655691781B7D3DD700525E00 /* URPollMultipleChoiceTableViewCell.xib in Resources */ = {isa = PBXBuildFile; fileRef = 655691761B7D3DD700525E00 /* URPollMultipleChoiceTableViewCell.xib */; };
		6556917C1B7D860D00525E00 /* URPollTableViewController.swift in Sources */ = {isa = PBXBuildFile; fileRef = 6556917A1B7D860D00525E00 /* URPollTableViewController.swift */; };
		6556917F1B7E2A8F00525E00 /* URRoundedView.swift in Sources */ = {isa = PBXBuildFile; fileRef = 6556917E1B7E2A8F00525E00 /* URRoundedView.swift */; };
		655691831B7E668B00525E00 /* URMarkerTableViewCell.swift in Sources */ = {isa = PBXBuildFile; fileRef = 655691811B7E668B00525E00 /* URMarkerTableViewCell.swift */; };
		655691841B7E668B00525E00 /* URMarkerTableViewCell.xib in Resources */ = {isa = PBXBuildFile; fileRef = 655691821B7E668B00525E00 /* URMarkerTableViewCell.xib */; };
		655691871B7E67AB00525E00 /* URMarkerTableViewController.swift in Sources */ = {isa = PBXBuildFile; fileRef = 655691861B7E67AB00525E00 /* URMarkerTableViewController.swift */; };
		6556918A1B7E6A0D00525E00 /* URAddMarkerTableViewCell.swift in Sources */ = {isa = PBXBuildFile; fileRef = 655691881B7E6A0D00525E00 /* URAddMarkerTableViewCell.swift */; };
		6556918B1B7E6A0D00525E00 /* URAddMarkerTableViewCell.xib in Resources */ = {isa = PBXBuildFile; fileRef = 655691891B7E6A0D00525E00 /* URAddMarkerTableViewCell.xib */; };
		6571915B1B4EC693002CA357 /* LaunchImages.xcassets in Resources */ = {isa = PBXBuildFile; fileRef = 6571915A1B4EC693002CA357 /* LaunchImages.xcassets */; };
		658949B21B8255C60087F361 /* URFireBaseManager.swift in Sources */ = {isa = PBXBuildFile; fileRef = 658949B11B8255C60087F361 /* URFireBaseManager.swift */; };
		658949BA1B83BFF20087F361 /* ISNSObject.swift in Sources */ = {isa = PBXBuildFile; fileRef = 658949B91B83BFF20087F361 /* ISNSObject.swift */; };
		658949BE1B83E1740087F361 /* ISMenuViewController.swift in Sources */ = {isa = PBXBuildFile; fileRef = 658949BC1B83E1740087F361 /* ISMenuViewController.swift */; };
		658949BF1B83E1740087F361 /* ISMenuViewController.xib in Resources */ = {isa = PBXBuildFile; fileRef = 658949BD1B83E1740087F361 /* ISMenuViewController.xib */; };
		658949C11B83E1A60087F361 /* ISMenu.swift in Sources */ = {isa = PBXBuildFile; fileRef = 658949C01B83E1A60087F361 /* ISMenu.swift */; };
		658949C51B83E1D30087F361 /* ISMenuTableViewCell.swift in Sources */ = {isa = PBXBuildFile; fileRef = 658949C31B83E1D30087F361 /* ISMenuTableViewCell.swift */; };
		658949C61B83E1D30087F361 /* ISMenuTableViewCell.xib in Resources */ = {isa = PBXBuildFile; fileRef = 658949C41B83E1D30087F361 /* ISMenuTableViewCell.xib */; };
		658D857B1B5457CC00DFB949 /* URLoginCredentialsViewController.swift in Sources */ = {isa = PBXBuildFile; fileRef = 658D85791B5457CC00DFB949 /* URLoginCredentialsViewController.swift */; };
		658D857C1B5457CC00DFB949 /* URLoginCredentialsViewController.xib in Resources */ = {isa = PBXBuildFile; fileRef = 658D857A1B5457CC00DFB949 /* URLoginCredentialsViewController.xib */; };
		658D85801B54597700DFB949 /* URForgotPasswordViewController.swift in Sources */ = {isa = PBXBuildFile; fileRef = 658D857E1B54597700DFB949 /* URForgotPasswordViewController.swift */; };
		658D85811B54597700DFB949 /* URForgotPasswordViewController.xib in Resources */ = {isa = PBXBuildFile; fileRef = 658D857F1B54597700DFB949 /* URForgotPasswordViewController.xib */; };
		658D858C1B554C9000DFB949 /* URStoriesTableViewController.swift in Sources */ = {isa = PBXBuildFile; fileRef = 658D858B1B554C9000DFB949 /* URStoriesTableViewController.swift */; };
		658D85901B554D3700DFB949 /* URStoriesTableViewCell.swift in Sources */ = {isa = PBXBuildFile; fileRef = 658D858E1B554D3700DFB949 /* URStoriesTableViewCell.swift */; };
		658D85911B554D3700DFB949 /* URStoriesTableViewCell.xib in Resources */ = {isa = PBXBuildFile; fileRef = 658D858F1B554D3700DFB949 /* URStoriesTableViewCell.xib */; };
		658D85931B554FD600DFB949 /* URStory.swift in Sources */ = {isa = PBXBuildFile; fileRef = 658D85921B554FD600DFB949 /* URStory.swift */; };
		658D85971B558A6700DFB949 /* URAddStoryViewController.swift in Sources */ = {isa = PBXBuildFile; fileRef = 658D85951B558A6700DFB949 /* URAddStoryViewController.swift */; };
		658D85981B558A6700DFB949 /* URAddStoryViewController.xib in Resources */ = {isa = PBXBuildFile; fileRef = 658D85961B558A6700DFB949 /* URAddStoryViewController.xib */; };
		659A20D41B7ECD6C00D02C69 /* URPollTableViewController.xib in Resources */ = {isa = PBXBuildFile; fileRef = 659A20D21B7ECD6C00D02C69 /* URPollTableViewController.xib */; };
		659A7A931B4F6C3100B56983 /* URDateUtil.swift in Sources */ = {isa = PBXBuildFile; fileRef = 659A7A921B4F6C3100B56983 /* URDateUtil.swift */; };
		659A7A961B51EFA800B56983 /* Localizable.strings in Resources */ = {isa = PBXBuildFile; fileRef = 659A7A981B51EFA800B56983 /* Localizable.strings */; };
		659A7A9C1B51F6F700B56983 /* UITextField+Keyboard.swift in Sources */ = {isa = PBXBuildFile; fileRef = 659A7A9B1B51F6F700B56983 /* UITextField+Keyboard.swift */; };
		8504B15B8828C37AD0B0A324 /* libPods.a in Frameworks */ = {isa = PBXBuildFile; fileRef = 11918D7424D9B949ACF0C902 /* libPods.a */; };
/* End PBXBuildFile section */

/* Begin PBXContainerItemProxy section */
		65409FD11B4C842700344D75 /* PBXContainerItemProxy */ = {
			isa = PBXContainerItemProxy;
			containerPortal = 65409FB31B4C842700344D75 /* Project object */;
			proxyType = 1;
			remoteGlobalIDString = 65409FBA1B4C842700344D75;
			remoteInfo = ureport;
		};
/* End PBXContainerItemProxy section */

/* Begin PBXFileReference section */
		11918D7424D9B949ACF0C902 /* libPods.a */ = {isa = PBXFileReference; explicitFileType = archive.ar; includeInIndex = 0; path = libPods.a; sourceTree = BUILT_PRODUCTS_DIR; };
		507D21513E08C736F7EBC680 /* Pods.debug.xcconfig */ = {isa = PBXFileReference; includeInIndex = 1; lastKnownFileType = text.xcconfig; name = Pods.debug.xcconfig; path = "Pods/Target Support Files/Pods/Pods.debug.xcconfig"; sourceTree = "<group>"; };
		65409FBB1B4C842700344D75 /* ureport.app */ = {isa = PBXFileReference; explicitFileType = wrapper.application; includeInIndex = 0; path = ureport.app; sourceTree = BUILT_PRODUCTS_DIR; };
		65409FBF1B4C842700344D75 /* Info.plist */ = {isa = PBXFileReference; lastKnownFileType = text.plist.xml; path = Info.plist; sourceTree = "<group>"; };
		65409FC01B4C842700344D75 /* AppDelegate.swift */ = {isa = PBXFileReference; lastKnownFileType = sourcecode.swift; path = AppDelegate.swift; sourceTree = "<group>"; };
		65409FC71B4C842700344D75 /* Images.xcassets */ = {isa = PBXFileReference; lastKnownFileType = folder.assetcatalog; path = Images.xcassets; sourceTree = "<group>"; };
		65409FD01B4C842700344D75 /* ureportTests.xctest */ = {isa = PBXFileReference; explicitFileType = wrapper.cfbundle; includeInIndex = 0; path = ureportTests.xctest; sourceTree = BUILT_PRODUCTS_DIR; };
		65409FD51B4C842700344D75 /* Info.plist */ = {isa = PBXFileReference; lastKnownFileType = text.plist.xml; path = Info.plist; sourceTree = "<group>"; };
		65409FD61B4C842700344D75 /* ureportTests.swift */ = {isa = PBXFileReference; lastKnownFileType = sourcecode.swift; path = ureportTests.swift; sourceTree = "<group>"; };
		65409FEC1B4C84DE00344D75 /* URLoginViewController.swift */ = {isa = PBXFileReference; fileEncoding = 4; lastKnownFileType = sourcecode.swift; path = URLoginViewController.swift; sourceTree = "<group>"; };
		65409FED1B4C84DE00344D75 /* URLoginViewController.xib */ = {isa = PBXFileReference; fileEncoding = 4; lastKnownFileType = file.xib; path = URLoginViewController.xib; sourceTree = "<group>"; };
		65409FF01B4C977600344D75 /* Foundation.framework */ = {isa = PBXFileReference; lastKnownFileType = wrapper.framework; name = Foundation.framework; path = System/Library/Frameworks/Foundation.framework; sourceTree = SDKROOT; };
		65409FF31B4C9E7C00344D75 /* URUserRegisterViewController.swift */ = {isa = PBXFileReference; fileEncoding = 4; lastKnownFileType = sourcecode.swift; path = URUserRegisterViewController.swift; sourceTree = "<group>"; };
		65409FF41B4C9E7C00344D75 /* URUserRegisterViewController.xib */ = {isa = PBXFileReference; fileEncoding = 4; lastKnownFileType = file.xib; path = URUserRegisterViewController.xib; sourceTree = "<group>"; };
		655690701B7CFA0B00525E00 /* URConstant.swift */ = {isa = PBXFileReference; fileEncoding = 4; lastKnownFileType = sourcecode.swift; path = URConstant.swift; sourceTree = "<group>"; };
		655690721B7CFF5100525E00 /* ISImageUtil.swift */ = {isa = PBXFileReference; fileEncoding = 4; lastKnownFileType = sourcecode.swift; path = ISImageUtil.swift; sourceTree = "<group>"; };
		655690731B7CFF5100525E00 /* ISShareUtil.swift */ = {isa = PBXFileReference; fileEncoding = 4; lastKnownFileType = sourcecode.swift; path = ISShareUtil.swift; sourceTree = "<group>"; };
		655690741B7CFF5100525E00 /* ISViewExtension.swift */ = {isa = PBXFileReference; fileEncoding = 4; lastKnownFileType = sourcecode.swift; path = ISViewExtension.swift; sourceTree = "<group>"; };
		655690751B7CFF5100525E00 /* UIColorExtension.swift */ = {isa = PBXFileReference; fileEncoding = 4; lastKnownFileType = sourcecode.swift; path = UIColorExtension.swift; sourceTree = "<group>"; };
		6556907A1B7D082400525E00 /* URCountry.swift */ = {isa = PBXFileReference; fileEncoding = 4; lastKnownFileType = sourcecode.swift; path = URCountry.swift; sourceTree = "<group>"; };
		6556907C1B7D083500525E00 /* URCountryProgram.swift */ = {isa = PBXFileReference; fileEncoding = 4; lastKnownFileType = sourcecode.swift; path = URCountryProgram.swift; sourceTree = "<group>"; };
		6556907E1B7D0A5200525E00 /* URUser.swift */ = {isa = PBXFileReference; fileEncoding = 4; lastKnownFileType = sourcecode.swift; path = URUser.swift; sourceTree = "<group>"; };
		655690801B7D0AF200525E00 /* URGender.swift */ = {isa = PBXFileReference; fileEncoding = 4; lastKnownFileType = sourcecode.swift; path = URGender.swift; sourceTree = "<group>"; };
		655690821B7D0EA200525E00 /* URType.swift */ = {isa = PBXFileReference; fileEncoding = 4; lastKnownFileType = sourcecode.swift; path = URType.swift; sourceTree = "<group>"; };
		655690841B7D0F6700525E00 /* URPoll.swift */ = {isa = PBXFileReference; fileEncoding = 4; lastKnownFileType = sourcecode.swift; path = URPoll.swift; sourceTree = "<group>"; };
		655690861B7D101500525E00 /* URPollCategory.swift */ = {isa = PBXFileReference; fileEncoding = 4; lastKnownFileType = sourcecode.swift; path = URPollCategory.swift; sourceTree = "<group>"; };
		655690881B7D11E700525E00 /* URPollQuestion.swift */ = {isa = PBXFileReference; fileEncoding = 4; lastKnownFileType = sourcecode.swift; path = URPollQuestion.swift; sourceTree = "<group>"; };
		6556908A1B7D123E00525E00 /* URPollResult.swift */ = {isa = PBXFileReference; fileEncoding = 4; lastKnownFileType = sourcecode.swift; path = URPollResult.swift; sourceTree = "<group>"; };
		6556908C1B7D12BB00525E00 /* URWordsResult.swift */ = {isa = PBXFileReference; fileEncoding = 4; lastKnownFileType = sourcecode.swift; path = URWordsResult.swift; sourceTree = "<group>"; };
		6556908E1B7D135C00525E00 /* URNotification.swift */ = {isa = PBXFileReference; fileEncoding = 4; lastKnownFileType = sourcecode.swift; path = URNotification.swift; sourceTree = "<group>"; };
		655690901B7D138400525E00 /* URNews.swift */ = {isa = PBXFileReference; fileEncoding = 4; lastKnownFileType = sourcecode.swift; path = URNews.swift; sourceTree = "<group>"; };
		655690921B7D13F000525E00 /* URMultipleResult.swift */ = {isa = PBXFileReference; fileEncoding = 4; lastKnownFileType = sourcecode.swift; path = URMultipleResult.swift; sourceTree = "<group>"; };
		655690941B7D142900525E00 /* UROpenQuestion.swift */ = {isa = PBXFileReference; fileEncoding = 4; lastKnownFileType = sourcecode.swift; path = UROpenQuestion.swift; sourceTree = "<group>"; };
		655690961B7D144C00525E00 /* URMultipleChoiceQuestion.swift */ = {isa = PBXFileReference; fileEncoding = 4; lastKnownFileType = sourcecode.swift; path = URMultipleChoiceQuestion.swift; sourceTree = "<group>"; };
		655690981B7D147900525E00 /* URMarker.swift */ = {isa = PBXFileReference; fileEncoding = 4; lastKnownFileType = sourcecode.swift; path = URMarker.swift; sourceTree = "<group>"; };
		6556909A1B7D14A100525E00 /* URIndividualChatRoom.swift */ = {isa = PBXFileReference; fileEncoding = 4; lastKnownFileType = sourcecode.swift; path = URIndividualChatRoom.swift; sourceTree = "<group>"; };
		6556909C1B7D14BA00525E00 /* URGroupChatRoom.swift */ = {isa = PBXFileReference; fileEncoding = 4; lastKnownFileType = sourcecode.swift; path = URGroupChatRoom.swift; sourceTree = "<group>"; };
		6556909E1B7D14C900525E00 /* URChatGroup.swift */ = {isa = PBXFileReference; fileEncoding = 4; lastKnownFileType = sourcecode.swift; path = URChatGroup.swift; sourceTree = "<group>"; };
		655690A01B7D150D00525E00 /* URChatRoom.swift */ = {isa = PBXFileReference; fileEncoding = 4; lastKnownFileType = sourcecode.swift; path = URChatRoom.swift; sourceTree = "<group>"; };
		655690A21B7D157600525E00 /* URContribution.swift */ = {isa = PBXFileReference; fileEncoding = 4; lastKnownFileType = sourcecode.swift; path = URContribution.swift; sourceTree = "<group>"; };
		655690A41B7D159C00525E00 /* URContact.swift */ = {isa = PBXFileReference; fileEncoding = 4; lastKnownFileType = sourcecode.swift; path = URContact.swift; sourceTree = "<group>"; };
		655690A61B7D15BA00525E00 /* URChatMessage.swift */ = {isa = PBXFileReference; fileEncoding = 4; lastKnownFileType = sourcecode.swift; path = URChatMessage.swift; sourceTree = "<group>"; };
		655690AA1B7D170100525E00 /* ISRoundedButton.swift */ = {isa = PBXFileReference; fileEncoding = 4; lastKnownFileType = sourcecode.swift; path = ISRoundedButton.swift; sourceTree = "<group>"; };
		6556916A1B7D398900525E00 /* URMainViewController.swift */ = {isa = PBXFileReference; fileEncoding = 4; lastKnownFileType = sourcecode.swift; path = URMainViewController.swift; sourceTree = "<group>"; };
		6556916D1B7D3DA800525E00 /* URPollTextTableViewCell.swift */ = {isa = PBXFileReference; fileEncoding = 4; lastKnownFileType = sourcecode.swift; path = URPollTextTableViewCell.swift; sourceTree = "<group>"; };
		6556916E1B7D3DA800525E00 /* URPollTextTableViewCell.xib */ = {isa = PBXFileReference; fileEncoding = 4; lastKnownFileType = file.xib; path = URPollTextTableViewCell.xib; sourceTree = "<group>"; };
		655691711B7D3DC500525E00 /* URPollChoiceTableViewCell.swift */ = {isa = PBXFileReference; fileEncoding = 4; lastKnownFileType = sourcecode.swift; path = URPollChoiceTableViewCell.swift; sourceTree = "<group>"; };
		655691721B7D3DC500525E00 /* URPollChoiceTableViewCell.xib */ = {isa = PBXFileReference; fileEncoding = 4; lastKnownFileType = file.xib; path = URPollChoiceTableViewCell.xib; sourceTree = "<group>"; };
		655691751B7D3DD700525E00 /* URPollMultipleChoiceTableViewCell.swift */ = {isa = PBXFileReference; fileEncoding = 4; lastKnownFileType = sourcecode.swift; path = URPollMultipleChoiceTableViewCell.swift; sourceTree = "<group>"; };
		655691761B7D3DD700525E00 /* URPollMultipleChoiceTableViewCell.xib */ = {isa = PBXFileReference; fileEncoding = 4; lastKnownFileType = file.xib; path = URPollMultipleChoiceTableViewCell.xib; sourceTree = "<group>"; };
		6556917A1B7D860D00525E00 /* URPollTableViewController.swift */ = {isa = PBXFileReference; fileEncoding = 4; lastKnownFileType = sourcecode.swift; path = URPollTableViewController.swift; sourceTree = "<group>"; };
		6556917E1B7E2A8F00525E00 /* URRoundedView.swift */ = {isa = PBXFileReference; fileEncoding = 4; lastKnownFileType = sourcecode.swift; path = URRoundedView.swift; sourceTree = "<group>"; };
		655691811B7E668B00525E00 /* URMarkerTableViewCell.swift */ = {isa = PBXFileReference; fileEncoding = 4; lastKnownFileType = sourcecode.swift; path = URMarkerTableViewCell.swift; sourceTree = "<group>"; };
		655691821B7E668B00525E00 /* URMarkerTableViewCell.xib */ = {isa = PBXFileReference; fileEncoding = 4; lastKnownFileType = file.xib; path = URMarkerTableViewCell.xib; sourceTree = "<group>"; };
		655691861B7E67AB00525E00 /* URMarkerTableViewController.swift */ = {isa = PBXFileReference; fileEncoding = 4; lastKnownFileType = sourcecode.swift; path = URMarkerTableViewController.swift; sourceTree = "<group>"; };
		655691881B7E6A0D00525E00 /* URAddMarkerTableViewCell.swift */ = {isa = PBXFileReference; fileEncoding = 4; lastKnownFileType = sourcecode.swift; path = URAddMarkerTableViewCell.swift; sourceTree = "<group>"; };
		655691891B7E6A0D00525E00 /* URAddMarkerTableViewCell.xib */ = {isa = PBXFileReference; fileEncoding = 4; lastKnownFileType = file.xib; path = URAddMarkerTableViewCell.xib; sourceTree = "<group>"; };
		6571915A1B4EC693002CA357 /* LaunchImages.xcassets */ = {isa = PBXFileReference; lastKnownFileType = folder.assetcatalog; path = LaunchImages.xcassets; sourceTree = "<group>"; };
		658949B11B8255C60087F361 /* URFireBaseManager.swift */ = {isa = PBXFileReference; fileEncoding = 4; lastKnownFileType = sourcecode.swift; path = URFireBaseManager.swift; sourceTree = "<group>"; };
		658949B91B83BFF20087F361 /* ISNSObject.swift */ = {isa = PBXFileReference; fileEncoding = 4; lastKnownFileType = sourcecode.swift; path = ISNSObject.swift; sourceTree = "<group>"; };
		658949BC1B83E1740087F361 /* ISMenuViewController.swift */ = {isa = PBXFileReference; fileEncoding = 4; lastKnownFileType = sourcecode.swift; path = ISMenuViewController.swift; sourceTree = "<group>"; };
		658949BD1B83E1740087F361 /* ISMenuViewController.xib */ = {isa = PBXFileReference; fileEncoding = 4; lastKnownFileType = file.xib; path = ISMenuViewController.xib; sourceTree = "<group>"; };
		658949C01B83E1A60087F361 /* ISMenu.swift */ = {isa = PBXFileReference; fileEncoding = 4; lastKnownFileType = sourcecode.swift; path = ISMenu.swift; sourceTree = "<group>"; };
		658949C31B83E1D30087F361 /* ISMenuTableViewCell.swift */ = {isa = PBXFileReference; fileEncoding = 4; lastKnownFileType = sourcecode.swift; path = ISMenuTableViewCell.swift; sourceTree = "<group>"; };
		658949C41B83E1D30087F361 /* ISMenuTableViewCell.xib */ = {isa = PBXFileReference; fileEncoding = 4; lastKnownFileType = file.xib; path = ISMenuTableViewCell.xib; sourceTree = "<group>"; };
		658D85791B5457CC00DFB949 /* URLoginCredentialsViewController.swift */ = {isa = PBXFileReference; fileEncoding = 4; lastKnownFileType = sourcecode.swift; path = URLoginCredentialsViewController.swift; sourceTree = "<group>"; };
		658D857A1B5457CC00DFB949 /* URLoginCredentialsViewController.xib */ = {isa = PBXFileReference; fileEncoding = 4; lastKnownFileType = file.xib; path = URLoginCredentialsViewController.xib; sourceTree = "<group>"; };
		658D857E1B54597700DFB949 /* URForgotPasswordViewController.swift */ = {isa = PBXFileReference; fileEncoding = 4; lastKnownFileType = sourcecode.swift; path = URForgotPasswordViewController.swift; sourceTree = "<group>"; };
		658D857F1B54597700DFB949 /* URForgotPasswordViewController.xib */ = {isa = PBXFileReference; fileEncoding = 4; lastKnownFileType = file.xib; path = URForgotPasswordViewController.xib; sourceTree = "<group>"; };
		658D858B1B554C9000DFB949 /* URStoriesTableViewController.swift */ = {isa = PBXFileReference; fileEncoding = 4; lastKnownFileType = sourcecode.swift; path = URStoriesTableViewController.swift; sourceTree = "<group>"; };
		658D858E1B554D3700DFB949 /* URStoriesTableViewCell.swift */ = {isa = PBXFileReference; fileEncoding = 4; lastKnownFileType = sourcecode.swift; path = URStoriesTableViewCell.swift; sourceTree = "<group>"; };
		658D858F1B554D3700DFB949 /* URStoriesTableViewCell.xib */ = {isa = PBXFileReference; fileEncoding = 4; lastKnownFileType = file.xib; path = URStoriesTableViewCell.xib; sourceTree = "<group>"; };
		658D85921B554FD600DFB949 /* URStory.swift */ = {isa = PBXFileReference; fileEncoding = 4; lastKnownFileType = sourcecode.swift; path = URStory.swift; sourceTree = "<group>"; };
		658D85951B558A6700DFB949 /* URAddStoryViewController.swift */ = {isa = PBXFileReference; fileEncoding = 4; lastKnownFileType = sourcecode.swift; path = URAddStoryViewController.swift; sourceTree = "<group>"; };
		658D85961B558A6700DFB949 /* URAddStoryViewController.xib */ = {isa = PBXFileReference; fileEncoding = 4; lastKnownFileType = file.xib; path = URAddStoryViewController.xib; sourceTree = "<group>"; };
		659A20D01B7EC9EF00D02C69 /* ureport-Bridging-Header.h */ = {isa = PBXFileReference; lastKnownFileType = sourcecode.c.h; path = "ureport-Bridging-Header.h"; sourceTree = "<group>"; };
		659A20D21B7ECD6C00D02C69 /* URPollTableViewController.xib */ = {isa = PBXFileReference; fileEncoding = 4; lastKnownFileType = file.xib; path = URPollTableViewController.xib; sourceTree = "<group>"; };
		659A7A921B4F6C3100B56983 /* URDateUtil.swift */ = {isa = PBXFileReference; fileEncoding = 4; lastKnownFileType = sourcecode.swift; path = URDateUtil.swift; sourceTree = "<group>"; };
		659A7A971B51EFA800B56983 /* Base */ = {isa = PBXFileReference; lastKnownFileType = text.plist.strings; name = Base; path = Base.lproj/Localizable.strings; sourceTree = "<group>"; };
		659A7A991B51EFE100B56983 /* pt-BR */ = {isa = PBXFileReference; lastKnownFileType = text.plist.strings; name = "pt-BR"; path = "pt-BR.lproj/Localizable.strings"; sourceTree = "<group>"; };
		659A7A9A1B51EFF600B56983 /* ar */ = {isa = PBXFileReference; lastKnownFileType = text.plist.strings; name = ar; path = ar.lproj/Localizable.strings; sourceTree = "<group>"; };
		659A7A9B1B51F6F700B56983 /* UITextField+Keyboard.swift */ = {isa = PBXFileReference; fileEncoding = 4; lastKnownFileType = sourcecode.swift; path = "UITextField+Keyboard.swift"; sourceTree = "<group>"; };
		80289A0F74769B82DBFF3EA2 /* Pods.release.xcconfig */ = {isa = PBXFileReference; includeInIndex = 1; lastKnownFileType = text.xcconfig; name = Pods.release.xcconfig; path = "Pods/Target Support Files/Pods/Pods.release.xcconfig"; sourceTree = "<group>"; };
/* End PBXFileReference section */

/* Begin PBXFrameworksBuildPhase section */
		65409FB81B4C842700344D75 /* Frameworks */ = {
			isa = PBXFrameworksBuildPhase;
			buildActionMask = 2147483647;
			files = (
				65409FF11B4C977600344D75 /* Foundation.framework in Frameworks */,
				8504B15B8828C37AD0B0A324 /* libPods.a in Frameworks */,
			);
			runOnlyForDeploymentPostprocessing = 0;
		};
		65409FCD1B4C842700344D75 /* Frameworks */ = {
			isa = PBXFrameworksBuildPhase;
			buildActionMask = 2147483647;
			files = (
			);
			runOnlyForDeploymentPostprocessing = 0;
		};
/* End PBXFrameworksBuildPhase section */

/* Begin PBXGroup section */
		65409FB21B4C842700344D75 = {
			isa = PBXGroup;
			children = (
				65409FF01B4C977600344D75 /* Foundation.framework */,
				65409FBD1B4C842700344D75 /* ureport */,
				65409FD31B4C842700344D75 /* ureportTests */,
				65409FBC1B4C842700344D75 /* Products */,
				D5ED8585E64D1E84BEC33676 /* Pods */,
				765863F8BACD5E4ED452B82C /* Frameworks */,
			);
			sourceTree = "<group>";
		};
		65409FBC1B4C842700344D75 /* Products */ = {
			isa = PBXGroup;
			children = (
				65409FBB1B4C842700344D75 /* ureport.app */,
				65409FD01B4C842700344D75 /* ureportTests.xctest */,
			);
			name = Products;
			sourceTree = "<group>";
		};
		65409FBD1B4C842700344D75 /* ureport */ = {
			isa = PBXGroup;
			children = (
				65409FE01B4C845200344D75 /* Classes */,
				65409FEA1B4C845200344D75 /* Resources */,
				65409FC01B4C842700344D75 /* AppDelegate.swift */,
				65409FC71B4C842700344D75 /* Images.xcassets */,
				6571915A1B4EC693002CA357 /* LaunchImages.xcassets */,
				65409FBE1B4C842700344D75 /* Supporting Files */,
			);
			path = ureport;
			sourceTree = "<group>";
		};
		65409FBE1B4C842700344D75 /* Supporting Files */ = {
			isa = PBXGroup;
			children = (
				659A20D01B7EC9EF00D02C69 /* ureport-Bridging-Header.h */,
				65409FBF1B4C842700344D75 /* Info.plist */,
			);
			name = "Supporting Files";
			sourceTree = "<group>";
		};
		65409FD31B4C842700344D75 /* ureportTests */ = {
			isa = PBXGroup;
			children = (
				65409FD61B4C842700344D75 /* ureportTests.swift */,
				65409FD41B4C842700344D75 /* Supporting Files */,
			);
			path = ureportTests;
			sourceTree = "<group>";
		};
		65409FD41B4C842700344D75 /* Supporting Files */ = {
			isa = PBXGroup;
			children = (
				65409FD51B4C842700344D75 /* Info.plist */,
			);
			name = "Supporting Files";
			sourceTree = "<group>";
		};
		65409FE01B4C845200344D75 /* Classes */ = {
			isa = PBXGroup;
			children = (
				65409FE11B4C845200344D75 /* Categories */,
				65409FE21B4C845200344D75 /* Controllers */,
				65409FE41B4C845200344D75 /* Model */,
				65409FE51B4C845200344D75 /* Network */,
				65409FE61B4C845200344D75 /* Util */,
				65409FE71B4C845200344D75 /* Vendors */,
				65409FE81B4C845200344D75 /* View */,
			);
			path = Classes;
			sourceTree = "<group>";
		};
		65409FE11B4C845200344D75 /* Categories */ = {
			isa = PBXGroup;
			children = (
				659A7A9B1B51F6F700B56983 /* UITextField+Keyboard.swift */,
			);
			path = Categories;
			sourceTree = "<group>";
		};
		65409FE21B4C845200344D75 /* Controllers */ = {
			isa = PBXGroup;
			children = (
				658949BB1B83E1690087F361 /* Menu */,
				655691851B7E679800525E00 /* Marker */,
				655691791B7D85DD00525E00 /* Poll */,
				655690AC1B7D394500525E00 /* Main */,
				658D85941B558A5000DFB949 /* AddStory */,
				658D85861B554A3300DFB949 /* Stories */,
				658D857D1B54596000DFB949 /* ForgotPassword */,
				658D85781B5457AD00DFB949 /* LoginCredentials */,
				65409FF21B4C9E5C00344D75 /* UserRegister */,
				65409FEB1B4C84BB00344D75 /* Login */,
			);
			path = Controllers;
			sourceTree = "<group>";
		};
		65409FE41B4C845200344D75 /* Model */ = {
			isa = PBXGroup;
			children = (
				658D85921B554FD600DFB949 /* URStory.swift */,
				6556907C1B7D083500525E00 /* URCountryProgram.swift */,
				6556907E1B7D0A5200525E00 /* URUser.swift */,
				655690801B7D0AF200525E00 /* URGender.swift */,
				655690821B7D0EA200525E00 /* URType.swift */,
				655690841B7D0F6700525E00 /* URPoll.swift */,
				655690861B7D101500525E00 /* URPollCategory.swift */,
				655690881B7D11E700525E00 /* URPollQuestion.swift */,
				6556908A1B7D123E00525E00 /* URPollResult.swift */,
				6556908C1B7D12BB00525E00 /* URWordsResult.swift */,
				6556908E1B7D135C00525E00 /* URNotification.swift */,
				655690901B7D138400525E00 /* URNews.swift */,
				655690921B7D13F000525E00 /* URMultipleResult.swift */,
				655690941B7D142900525E00 /* UROpenQuestion.swift */,
				655690961B7D144C00525E00 /* URMultipleChoiceQuestion.swift */,
				655690981B7D147900525E00 /* URMarker.swift */,
				6556909A1B7D14A100525E00 /* URIndividualChatRoom.swift */,
				6556909C1B7D14BA00525E00 /* URGroupChatRoom.swift */,
				6556909E1B7D14C900525E00 /* URChatGroup.swift */,
				655690A01B7D150D00525E00 /* URChatRoom.swift */,
				655690A21B7D157600525E00 /* URContribution.swift */,
				655690A41B7D159C00525E00 /* URContact.swift */,
				655690A61B7D15BA00525E00 /* URChatMessage.swift */,
			);
			path = Model;
			sourceTree = "<group>";
		};
		65409FE51B4C845200344D75 /* Network */ = {
			isa = PBXGroup;
			children = (
			);
			path = Network;
			sourceTree = "<group>";
		};
		65409FE61B4C845200344D75 /* Util */ = {
			isa = PBXGroup;
			children = (
				658949C01B83E1A60087F361 /* ISMenu.swift */,
				6556907A1B7D082400525E00 /* URCountry.swift */,
				655690721B7CFF5100525E00 /* ISImageUtil.swift */,
				655690731B7CFF5100525E00 /* ISShareUtil.swift */,
				655690741B7CFF5100525E00 /* ISViewExtension.swift */,
				655690751B7CFF5100525E00 /* UIColorExtension.swift */,
				659A7A921B4F6C3100B56983 /* URDateUtil.swift */,
				655690701B7CFA0B00525E00 /* URConstant.swift */,
				655690AA1B7D170100525E00 /* ISRoundedButton.swift */,
				6556917E1B7E2A8F00525E00 /* URRoundedView.swift */,
				658949B11B8255C60087F361 /* URFireBaseManager.swift */,
				658949B91B83BFF20087F361 /* ISNSObject.swift */,
			);
			path = Util;
			sourceTree = "<group>";
		};
		65409FE71B4C845200344D75 /* Vendors */ = {
			isa = PBXGroup;
			children = (
			);
			path = Vendors;
			sourceTree = "<group>";
		};
		65409FE81B4C845200344D75 /* View */ = {
			isa = PBXGroup;
			children = (
				65409FE91B4C845200344D75 /* Cell */,
			);
			path = View;
			sourceTree = "<group>";
		};
		65409FE91B4C845200344D75 /* Cell */ = {
			isa = PBXGroup;
			children = (
				658949C21B83E1C70087F361 /* Menu */,
				655691801B7E667400525E00 /* Marker */,
				6556916C1B7D3C8700525E00 /* Poll */,
				658D858D1B554D1F00DFB949 /* Stories */,
			);
			path = Cell;
			sourceTree = "<group>";
		};
		65409FEA1B4C845200344D75 /* Resources */ = {
			isa = PBXGroup;
			children = (
				659A7A981B51EFA800B56983 /* Localizable.strings */,
			);
			path = Resources;
			sourceTree = "<group>";
		};
		65409FEB1B4C84BB00344D75 /* Login */ = {
			isa = PBXGroup;
			children = (
				65409FEC1B4C84DE00344D75 /* URLoginViewController.swift */,
				65409FED1B4C84DE00344D75 /* URLoginViewController.xib */,
			);
			path = Login;
			sourceTree = "<group>";
		};
		65409FF21B4C9E5C00344D75 /* UserRegister */ = {
			isa = PBXGroup;
			children = (
				65409FF31B4C9E7C00344D75 /* URUserRegisterViewController.swift */,
				65409FF41B4C9E7C00344D75 /* URUserRegisterViewController.xib */,
			);
			path = UserRegister;
			sourceTree = "<group>";
		};
		655690AC1B7D394500525E00 /* Main */ = {
			isa = PBXGroup;
			children = (
				6556916A1B7D398900525E00 /* URMainViewController.swift */,
			);
			path = Main;
			sourceTree = "<group>";
		};
		6556916C1B7D3C8700525E00 /* Poll */ = {
			isa = PBXGroup;
			children = (
				6556916D1B7D3DA800525E00 /* URPollTextTableViewCell.swift */,
				6556916E1B7D3DA800525E00 /* URPollTextTableViewCell.xib */,
				655691711B7D3DC500525E00 /* URPollChoiceTableViewCell.swift */,
				655691721B7D3DC500525E00 /* URPollChoiceTableViewCell.xib */,
				655691751B7D3DD700525E00 /* URPollMultipleChoiceTableViewCell.swift */,
				655691761B7D3DD700525E00 /* URPollMultipleChoiceTableViewCell.xib */,
			);
			path = Poll;
			sourceTree = "<group>";
		};
		655691791B7D85DD00525E00 /* Poll */ = {
			isa = PBXGroup;
			children = (
				6556917A1B7D860D00525E00 /* URPollTableViewController.swift */,
				659A20D21B7ECD6C00D02C69 /* URPollTableViewController.xib */,
			);
			path = Poll;
			sourceTree = "<group>";
		};
		655691801B7E667400525E00 /* Marker */ = {
			isa = PBXGroup;
			children = (
				655691811B7E668B00525E00 /* URMarkerTableViewCell.swift */,
				655691821B7E668B00525E00 /* URMarkerTableViewCell.xib */,
				655691881B7E6A0D00525E00 /* URAddMarkerTableViewCell.swift */,
				655691891B7E6A0D00525E00 /* URAddMarkerTableViewCell.xib */,
			);
			path = Marker;
			sourceTree = "<group>";
		};
		655691851B7E679800525E00 /* Marker */ = {
			isa = PBXGroup;
			children = (
				655691861B7E67AB00525E00 /* URMarkerTableViewController.swift */,
			);
			path = Marker;
			sourceTree = "<group>";
		};
		658949BB1B83E1690087F361 /* Menu */ = {
			isa = PBXGroup;
			children = (
				658949BC1B83E1740087F361 /* ISMenuViewController.swift */,
				658949BD1B83E1740087F361 /* ISMenuViewController.xib */,
			);
			path = Menu;
			sourceTree = "<group>";
		};
		658949C21B83E1C70087F361 /* Menu */ = {
			isa = PBXGroup;
			children = (
				658949C31B83E1D30087F361 /* ISMenuTableViewCell.swift */,
				658949C41B83E1D30087F361 /* ISMenuTableViewCell.xib */,
			);
			path = Menu;
			sourceTree = "<group>";
		};
		658D85781B5457AD00DFB949 /* LoginCredentials */ = {
			isa = PBXGroup;
			children = (
				658D85791B5457CC00DFB949 /* URLoginCredentialsViewController.swift */,
				658D857A1B5457CC00DFB949 /* URLoginCredentialsViewController.xib */,
			);
			path = LoginCredentials;
			sourceTree = "<group>";
		};
		658D857D1B54596000DFB949 /* ForgotPassword */ = {
			isa = PBXGroup;
			children = (
				658D857E1B54597700DFB949 /* URForgotPasswordViewController.swift */,
				658D857F1B54597700DFB949 /* URForgotPasswordViewController.xib */,
			);
			path = ForgotPassword;
			sourceTree = "<group>";
		};
		658D85861B554A3300DFB949 /* Stories */ = {
			isa = PBXGroup;
			children = (
				658D858B1B554C9000DFB949 /* URStoriesTableViewController.swift */,
			);
			path = Stories;
			sourceTree = "<group>";
		};
		658D858D1B554D1F00DFB949 /* Stories */ = {
			isa = PBXGroup;
			children = (
				658D858E1B554D3700DFB949 /* URStoriesTableViewCell.swift */,
				658D858F1B554D3700DFB949 /* URStoriesTableViewCell.xib */,
			);
			path = Stories;
			sourceTree = "<group>";
		};
		658D85941B558A5000DFB949 /* AddStory */ = {
			isa = PBXGroup;
			children = (
				658D85951B558A6700DFB949 /* URAddStoryViewController.swift */,
				658D85961B558A6700DFB949 /* URAddStoryViewController.xib */,
			);
			path = AddStory;
			sourceTree = "<group>";
		};
		765863F8BACD5E4ED452B82C /* Frameworks */ = {
			isa = PBXGroup;
			children = (
				11918D7424D9B949ACF0C902 /* libPods.a */,
			);
			name = Frameworks;
			sourceTree = "<group>";
		};
		D5ED8585E64D1E84BEC33676 /* Pods */ = {
			isa = PBXGroup;
			children = (
				507D21513E08C736F7EBC680 /* Pods.debug.xcconfig */,
				80289A0F74769B82DBFF3EA2 /* Pods.release.xcconfig */,
			);
			name = Pods;
			sourceTree = "<group>";
		};
/* End PBXGroup section */

/* Begin PBXNativeTarget section */
		65409FBA1B4C842700344D75 /* ureport */ = {
			isa = PBXNativeTarget;
			buildConfigurationList = 65409FDA1B4C842700344D75 /* Build configuration list for PBXNativeTarget "ureport" */;
			buildPhases = (
				7FB3A07882291C0A60E57C0A /* Check Pods Manifest.lock */,
				65409FB71B4C842700344D75 /* Sources */,
				65409FB81B4C842700344D75 /* Frameworks */,
				65409FB91B4C842700344D75 /* Resources */,
				7ECA642C23543487AD57E114 /* Copy Pods Resources */,
			);
			buildRules = (
			);
			dependencies = (
			);
			name = ureport;
			productName = ureport;
			productReference = 65409FBB1B4C842700344D75 /* ureport.app */;
			productType = "com.apple.product-type.application";
		};
		65409FCF1B4C842700344D75 /* ureportTests */ = {
			isa = PBXNativeTarget;
			buildConfigurationList = 65409FDD1B4C842700344D75 /* Build configuration list for PBXNativeTarget "ureportTests" */;
			buildPhases = (
				65409FCC1B4C842700344D75 /* Sources */,
				65409FCD1B4C842700344D75 /* Frameworks */,
				65409FCE1B4C842700344D75 /* Resources */,
			);
			buildRules = (
			);
			dependencies = (
				65409FD21B4C842700344D75 /* PBXTargetDependency */,
			);
			name = ureportTests;
			productName = ureportTests;
			productReference = 65409FD01B4C842700344D75 /* ureportTests.xctest */;
			productType = "com.apple.product-type.bundle.unit-test";
		};
/* End PBXNativeTarget section */

/* Begin PBXProject section */
		65409FB31B4C842700344D75 /* Project object */ = {
			isa = PBXProject;
			attributes = {
				CLASSPREFIX = UR;
				LastUpgradeCheck = 0640;
				ORGANIZATIONNAME = ilhasoft;
				TargetAttributes = {
					65409FBA1B4C842700344D75 = {
						CreatedOnToolsVersion = 6.4;
					};
					65409FCF1B4C842700344D75 = {
						CreatedOnToolsVersion = 6.4;
						TestTargetID = 65409FBA1B4C842700344D75;
					};
				};
			};
			buildConfigurationList = 65409FB61B4C842700344D75 /* Build configuration list for PBXProject "ureport" */;
			compatibilityVersion = "Xcode 3.2";
			developmentRegion = English;
			hasScannedForEncodings = 0;
			knownRegions = (
				en,
				Base,
				"pt-BR",
				ar,
			);
			mainGroup = 65409FB21B4C842700344D75;
			productRefGroup = 65409FBC1B4C842700344D75 /* Products */;
			projectDirPath = "";
			projectRoot = "";
			targets = (
				65409FBA1B4C842700344D75 /* ureport */,
				65409FCF1B4C842700344D75 /* ureportTests */,
			);
		};
/* End PBXProject section */

/* Begin PBXResourcesBuildPhase section */
		65409FB91B4C842700344D75 /* Resources */ = {
			isa = PBXResourcesBuildPhase;
			buildActionMask = 2147483647;
			files = (
				6556918B1B7E6A0D00525E00 /* URAddMarkerTableViewCell.xib in Resources */,
				658D857C1B5457CC00DFB949 /* URLoginCredentialsViewController.xib in Resources */,
				658D85911B554D3700DFB949 /* URStoriesTableViewCell.xib in Resources */,
				658949C61B83E1D30087F361 /* ISMenuTableViewCell.xib in Resources */,
				655691781B7D3DD700525E00 /* URPollMultipleChoiceTableViewCell.xib in Resources */,
				659A7A961B51EFA800B56983 /* Localizable.strings in Resources */,
				655691741B7D3DC500525E00 /* URPollChoiceTableViewCell.xib in Resources */,
				658D85811B54597700DFB949 /* URForgotPasswordViewController.xib in Resources */,
				655691701B7D3DA800525E00 /* URPollTextTableViewCell.xib in Resources */,
				65409FF61B4C9E7C00344D75 /* URUserRegisterViewController.xib in Resources */,
				658949BF1B83E1740087F361 /* ISMenuViewController.xib in Resources */,
				65409FC81B4C842700344D75 /* Images.xcassets in Resources */,
				6571915B1B4EC693002CA357 /* LaunchImages.xcassets in Resources */,
				65409FEF1B4C84DE00344D75 /* URLoginViewController.xib in Resources */,
				659A20D41B7ECD6C00D02C69 /* URPollTableViewController.xib in Resources */,
				658D85981B558A6700DFB949 /* URAddStoryViewController.xib in Resources */,
				655691841B7E668B00525E00 /* URMarkerTableViewCell.xib in Resources */,
			);
			runOnlyForDeploymentPostprocessing = 0;
		};
		65409FCE1B4C842700344D75 /* Resources */ = {
			isa = PBXResourcesBuildPhase;
			buildActionMask = 2147483647;
			files = (
			);
			runOnlyForDeploymentPostprocessing = 0;
		};
/* End PBXResourcesBuildPhase section */

/* Begin PBXShellScriptBuildPhase section */
		7ECA642C23543487AD57E114 /* Copy Pods Resources */ = {
			isa = PBXShellScriptBuildPhase;
			buildActionMask = 2147483647;
			files = (
			);
			inputPaths = (
			);
			name = "Copy Pods Resources";
			outputPaths = (
			);
			runOnlyForDeploymentPostprocessing = 0;
			shellPath = /bin/sh;
			shellScript = "\"${SRCROOT}/Pods/Target Support Files/Pods/Pods-resources.sh\"\n";
			showEnvVarsInLog = 0;
		};
		7FB3A07882291C0A60E57C0A /* Check Pods Manifest.lock */ = {
			isa = PBXShellScriptBuildPhase;
			buildActionMask = 2147483647;
			files = (
			);
			inputPaths = (
			);
			name = "Check Pods Manifest.lock";
			outputPaths = (
			);
			runOnlyForDeploymentPostprocessing = 0;
			shellPath = /bin/sh;
			shellScript = "diff \"${PODS_ROOT}/../Podfile.lock\" \"${PODS_ROOT}/Manifest.lock\" > /dev/null\nif [[ $? != 0 ]] ; then\n    cat << EOM\nerror: The sandbox is not in sync with the Podfile.lock. Run 'pod install' or update your CocoaPods installation.\nEOM\n    exit 1\nfi\n";
			showEnvVarsInLog = 0;
		};
/* End PBXShellScriptBuildPhase section */

/* Begin PBXSourcesBuildPhase section */
		65409FB71B4C842700344D75 /* Sources */ = {
			isa = PBXSourcesBuildPhase;
			buildActionMask = 2147483647;
			files = (
				6556916F1B7D3DA800525E00 /* URPollTextTableViewCell.swift in Sources */,
				65409FC11B4C842700344D75 /* AppDelegate.swift in Sources */,
				655690851B7D0F6700525E00 /* URPoll.swift in Sources */,
				658D85901B554D3700DFB949 /* URStoriesTableViewCell.swift in Sources */,
				658949C51B83E1D30087F361 /* ISMenuTableViewCell.swift in Sources */,
				655690951B7D142900525E00 /* UROpenQuestion.swift in Sources */,
				655690931B7D13F000525E00 /* URMultipleResult.swift in Sources */,
				655690871B7D101500525E00 /* URPollCategory.swift in Sources */,
				658949BA1B83BFF20087F361 /* ISNSObject.swift in Sources */,
				6556917F1B7E2A8F00525E00 /* URRoundedView.swift in Sources */,
				658D85801B54597700DFB949 /* URForgotPasswordViewController.swift in Sources */,
				6556908F1B7D135C00525E00 /* URNotification.swift in Sources */,
				658D85971B558A6700DFB949 /* URAddStoryViewController.swift in Sources */,
				655690781B7CFF5100525E00 /* ISViewExtension.swift in Sources */,
				658949BE1B83E1740087F361 /* ISMenuViewController.swift in Sources */,
				655690791B7CFF5100525E00 /* UIColorExtension.swift in Sources */,
				655690831B7D0EA200525E00 /* URType.swift in Sources */,
				655690A51B7D159C00525E00 /* URContact.swift in Sources */,
				655690991B7D147900525E00 /* URMarker.swift in Sources */,
				655690761B7CFF5100525E00 /* ISImageUtil.swift in Sources */,
				6556908B1B7D123E00525E00 /* URPollResult.swift in Sources */,
				655690891B7D11E700525E00 /* URPollQuestion.swift in Sources */,
				655690971B7D144C00525E00 /* URMultipleChoiceQuestion.swift in Sources */,
				655691871B7E67AB00525E00 /* URMarkerTableViewController.swift in Sources */,
				658949C11B83E1A60087F361 /* ISMenu.swift in Sources */,
				655690AB1B7D170100525E00 /* ISRoundedButton.swift in Sources */,
				655690811B7D0AF200525E00 /* URGender.swift in Sources */,
				658D85931B554FD600DFB949 /* URStory.swift in Sources */,
				6556907D1B7D083500525E00 /* URCountryProgram.swift in Sources */,
				655690911B7D138400525E00 /* URNews.swift in Sources */,
				6556909D1B7D14BA00525E00 /* URGroupChatRoom.swift in Sources */,
				655690A31B7D157600525E00 /* URContribution.swift in Sources */,
				655691771B7D3DD700525E00 /* URPollMultipleChoiceTableViewCell.swift in Sources */,
				658949B21B8255C60087F361 /* URFireBaseManager.swift in Sources */,
				655691831B7E668B00525E00 /* URMarkerTableViewCell.swift in Sources */,
				655690711B7CFA0B00525E00 /* URConstant.swift in Sources */,
				659A7A9C1B51F6F700B56983 /* UITextField+Keyboard.swift in Sources */,
				655690A71B7D15BA00525E00 /* URChatMessage.swift in Sources */,
				6556916B1B7D398900525E00 /* URMainViewController.swift in Sources */,
				6556909F1B7D14C900525E00 /* URChatGroup.swift in Sources */,
				655690771B7CFF5100525E00 /* ISShareUtil.swift in Sources */,
				6556917C1B7D860D00525E00 /* URPollTableViewController.swift in Sources */,
				6556908D1B7D12BB00525E00 /* URWordsResult.swift in Sources */,
				658D858C1B554C9000DFB949 /* URStoriesTableViewController.swift in Sources */,
				6556918A1B7E6A0D00525E00 /* URAddMarkerTableViewCell.swift in Sources */,
				655690A11B7D150D00525E00 /* URChatRoom.swift in Sources */,
				655691731B7D3DC500525E00 /* URPollChoiceTableViewCell.swift in Sources */,
				65409FF51B4C9E7C00344D75 /* URUserRegisterViewController.swift in Sources */,
				6556907B1B7D082400525E00 /* URCountry.swift in Sources */,
				6556909B1B7D14A100525E00 /* URIndividualChatRoom.swift in Sources */,
				65409FEE1B4C84DE00344D75 /* URLoginViewController.swift in Sources */,
				6556907F1B7D0A5200525E00 /* URUser.swift in Sources */,
				659A7A931B4F6C3100B56983 /* URDateUtil.swift in Sources */,
				658D857B1B5457CC00DFB949 /* URLoginCredentialsViewController.swift in Sources */,
			);
			runOnlyForDeploymentPostprocessing = 0;
		};
		65409FCC1B4C842700344D75 /* Sources */ = {
			isa = PBXSourcesBuildPhase;
			buildActionMask = 2147483647;
			files = (
				65409FD71B4C842700344D75 /* ureportTests.swift in Sources */,
			);
			runOnlyForDeploymentPostprocessing = 0;
		};
/* End PBXSourcesBuildPhase section */

/* Begin PBXTargetDependency section */
		65409FD21B4C842700344D75 /* PBXTargetDependency */ = {
			isa = PBXTargetDependency;
			target = 65409FBA1B4C842700344D75 /* ureport */;
			targetProxy = 65409FD11B4C842700344D75 /* PBXContainerItemProxy */;
		};
/* End PBXTargetDependency section */

/* Begin PBXVariantGroup section */
		659A7A981B51EFA800B56983 /* Localizable.strings */ = {
			isa = PBXVariantGroup;
			children = (
				659A7A971B51EFA800B56983 /* Base */,
				659A7A991B51EFE100B56983 /* pt-BR */,
				659A7A9A1B51EFF600B56983 /* ar */,
			);
			name = Localizable.strings;
			sourceTree = "<group>";
		};
/* End PBXVariantGroup section */

/* Begin XCBuildConfiguration section */
		65409FD81B4C842700344D75 /* Debug */ = {
			isa = XCBuildConfiguration;
			buildSettings = {
				ALWAYS_SEARCH_USER_PATHS = NO;
				CLANG_CXX_LANGUAGE_STANDARD = "gnu++0x";
				CLANG_CXX_LIBRARY = "libc++";
				CLANG_ENABLE_MODULES = YES;
				CLANG_ENABLE_OBJC_ARC = YES;
				CLANG_WARN_BOOL_CONVERSION = YES;
				CLANG_WARN_CONSTANT_CONVERSION = YES;
				CLANG_WARN_DIRECT_OBJC_ISA_USAGE = YES_ERROR;
				CLANG_WARN_EMPTY_BODY = YES;
				CLANG_WARN_ENUM_CONVERSION = YES;
				CLANG_WARN_INT_CONVERSION = YES;
				CLANG_WARN_OBJC_ROOT_CLASS = YES_ERROR;
				CLANG_WARN_UNREACHABLE_CODE = YES;
				CLANG_WARN__DUPLICATE_METHOD_MATCH = YES;
				"CODE_SIGN_IDENTITY[sdk=iphoneos*]" = "iPhone Developer";
				COPY_PHASE_STRIP = NO;
				DEBUG_INFORMATION_FORMAT = "dwarf-with-dsym";
				ENABLE_STRICT_OBJC_MSGSEND = YES;
				GCC_C_LANGUAGE_STANDARD = gnu99;
				GCC_DYNAMIC_NO_PIC = NO;
				GCC_NO_COMMON_BLOCKS = YES;
				GCC_OPTIMIZATION_LEVEL = 0;
				GCC_PREPROCESSOR_DEFINITIONS = (
					"DEBUG=1",
					"$(inherited)",
				);
				GCC_SYMBOLS_PRIVATE_EXTERN = NO;
				GCC_WARN_64_TO_32_BIT_CONVERSION = YES;
				GCC_WARN_ABOUT_RETURN_TYPE = YES_ERROR;
				GCC_WARN_UNDECLARED_SELECTOR = YES;
				GCC_WARN_UNINITIALIZED_AUTOS = YES_AGGRESSIVE;
				GCC_WARN_UNUSED_FUNCTION = YES;
				GCC_WARN_UNUSED_VARIABLE = YES;
				IPHONEOS_DEPLOYMENT_TARGET = 8.4;
				MTL_ENABLE_DEBUG_INFO = YES;
				ONLY_ACTIVE_ARCH = YES;
				SDKROOT = iphoneos;
				SWIFT_OPTIMIZATION_LEVEL = "-Onone";
				TARGETED_DEVICE_FAMILY = "1,2";
			};
			name = Debug;
		};
		65409FD91B4C842700344D75 /* Release */ = {
			isa = XCBuildConfiguration;
			buildSettings = {
				ALWAYS_SEARCH_USER_PATHS = NO;
				CLANG_CXX_LANGUAGE_STANDARD = "gnu++0x";
				CLANG_CXX_LIBRARY = "libc++";
				CLANG_ENABLE_MODULES = YES;
				CLANG_ENABLE_OBJC_ARC = YES;
				CLANG_WARN_BOOL_CONVERSION = YES;
				CLANG_WARN_CONSTANT_CONVERSION = YES;
				CLANG_WARN_DIRECT_OBJC_ISA_USAGE = YES_ERROR;
				CLANG_WARN_EMPTY_BODY = YES;
				CLANG_WARN_ENUM_CONVERSION = YES;
				CLANG_WARN_INT_CONVERSION = YES;
				CLANG_WARN_OBJC_ROOT_CLASS = YES_ERROR;
				CLANG_WARN_UNREACHABLE_CODE = YES;
				CLANG_WARN__DUPLICATE_METHOD_MATCH = YES;
				"CODE_SIGN_IDENTITY[sdk=iphoneos*]" = "iPhone Developer";
				COPY_PHASE_STRIP = NO;
				DEBUG_INFORMATION_FORMAT = "dwarf-with-dsym";
				ENABLE_NS_ASSERTIONS = NO;
				ENABLE_STRICT_OBJC_MSGSEND = YES;
				GCC_C_LANGUAGE_STANDARD = gnu99;
				GCC_NO_COMMON_BLOCKS = YES;
				GCC_WARN_64_TO_32_BIT_CONVERSION = YES;
				GCC_WARN_ABOUT_RETURN_TYPE = YES_ERROR;
				GCC_WARN_UNDECLARED_SELECTOR = YES;
				GCC_WARN_UNINITIALIZED_AUTOS = YES_AGGRESSIVE;
				GCC_WARN_UNUSED_FUNCTION = YES;
				GCC_WARN_UNUSED_VARIABLE = YES;
				IPHONEOS_DEPLOYMENT_TARGET = 8.4;
				MTL_ENABLE_DEBUG_INFO = NO;
				SDKROOT = iphoneos;
				TARGETED_DEVICE_FAMILY = "1,2";
				VALIDATE_PRODUCT = YES;
			};
			name = Release;
		};
		65409FDB1B4C842700344D75 /* Debug */ = {
			isa = XCBuildConfiguration;
			baseConfigurationReference = 507D21513E08C736F7EBC680 /* Pods.debug.xcconfig */;
			buildSettings = {
				ASSETCATALOG_COMPILER_APPICON_NAME = AppIcon;
				ASSETCATALOG_COMPILER_LAUNCHIMAGE_NAME = LaunchImage;
				INFOPLIST_FILE = ureport/Info.plist;
				IPHONEOS_DEPLOYMENT_TARGET = 7.0;
				LD_RUNPATH_SEARCH_PATHS = "$(inherited) @executable_path/Frameworks";
				PRODUCT_NAME = "$(TARGET_NAME)";
				SWIFT_OBJC_BRIDGING_HEADER = "ureport/ureport-Bridging-Header.h";
			};
			name = Debug;
		};
		65409FDC1B4C842700344D75 /* Release */ = {
			isa = XCBuildConfiguration;
			baseConfigurationReference = 80289A0F74769B82DBFF3EA2 /* Pods.release.xcconfig */;
			buildSettings = {
				ASSETCATALOG_COMPILER_APPICON_NAME = AppIcon;
				ASSETCATALOG_COMPILER_LAUNCHIMAGE_NAME = LaunchImage;
				INFOPLIST_FILE = ureport/Info.plist;
				IPHONEOS_DEPLOYMENT_TARGET = 7.0;
				LD_RUNPATH_SEARCH_PATHS = "$(inherited) @executable_path/Frameworks";
				PRODUCT_NAME = "$(TARGET_NAME)";
				SWIFT_OBJC_BRIDGING_HEADER = "ureport/ureport-Bridging-Header.h";
			};
			name = Release;
		};
		65409FDE1B4C842700344D75 /* Debug */ = {
			isa = XCBuildConfiguration;
			buildSettings = {
				BUNDLE_LOADER = "$(TEST_HOST)";
				FRAMEWORK_SEARCH_PATHS = (
					"$(SDKROOT)/Developer/Library/Frameworks",
					"$(inherited)",
				);
				GCC_PREPROCESSOR_DEFINITIONS = (
					"DEBUG=1",
					"$(inherited)",
				);
				INFOPLIST_FILE = ureportTests/Info.plist;
				LD_RUNPATH_SEARCH_PATHS = "$(inherited) @executable_path/Frameworks @loader_path/Frameworks";
				PRODUCT_NAME = "$(TARGET_NAME)";
				TEST_HOST = "$(BUILT_PRODUCTS_DIR)/ureport.app/ureport";
			};
			name = Debug;
		};
		65409FDF1B4C842700344D75 /* Release */ = {
			isa = XCBuildConfiguration;
			buildSettings = {
				BUNDLE_LOADER = "$(TEST_HOST)";
				FRAMEWORK_SEARCH_PATHS = (
					"$(SDKROOT)/Developer/Library/Frameworks",
					"$(inherited)",
				);
				INFOPLIST_FILE = ureportTests/Info.plist;
				LD_RUNPATH_SEARCH_PATHS = "$(inherited) @executable_path/Frameworks @loader_path/Frameworks";
				PRODUCT_NAME = "$(TARGET_NAME)";
				TEST_HOST = "$(BUILT_PRODUCTS_DIR)/ureport.app/ureport";
			};
			name = Release;
		};
/* End XCBuildConfiguration section */

/* Begin XCConfigurationList section */
		65409FB61B4C842700344D75 /* Build configuration list for PBXProject "ureport" */ = {
			isa = XCConfigurationList;
			buildConfigurations = (
				65409FD81B4C842700344D75 /* Debug */,
				65409FD91B4C842700344D75 /* Release */,
			);
			defaultConfigurationIsVisible = 0;
			defaultConfigurationName = Release;
		};
		65409FDA1B4C842700344D75 /* Build configuration list for PBXNativeTarget "ureport" */ = {
			isa = XCConfigurationList;
			buildConfigurations = (
				65409FDB1B4C842700344D75 /* Debug */,
				65409FDC1B4C842700344D75 /* Release */,
			);
			defaultConfigurationIsVisible = 0;
			defaultConfigurationName = Release;
		};
		65409FDD1B4C842700344D75 /* Build configuration list for PBXNativeTarget "ureportTests" */ = {
			isa = XCConfigurationList;
			buildConfigurations = (
				65409FDE1B4C842700344D75 /* Debug */,
				65409FDF1B4C842700344D75 /* Release */,
			);
			defaultConfigurationIsVisible = 0;
			defaultConfigurationName = Release;
		};
/* End XCConfigurationList section */
	};
	rootObject = 65409FB31B4C842700344D75 /* Project object */;
}
